# This file is automatically @generated by Cargo.
# It is not intended for manual editing.
version = 4

[[package]]
name = "pensaer-crdt"
version = "0.1.0"

[[package]]
name = "pensaer-geometry"
version = "0.1.0"
dependencies = [
 "pensaer-math",
]

[[package]]
name = "pensaer-ifc"
version = "0.1.0"

[[package]]
name = "pensaer-math"
version = "0.1.0"
